
Microsoft Visual Studio Solution File, Format Version 12.00
# Visual Studio Version 17
VisualStudioVersion = 17.7.34003.232
MinimumVisualStudioVersion = 10.0.40219.1
Project("{FAE04EC0-301F-11D3-BF4B-00C04F79EFBC}") = "WebFormswithTracing", "WebFormswithTracing\WebFormswithTracing.csproj", "{D616C5BE-0997-4ADC-8BAD-F5BA131D44BB}"
EndProject
Global
	GlobalSection(SolutionConfigurationPlatforms) = preSolution
		Debug|Any CPU = Debug|Any CPU
		Release|Any CPU = Release|Any CPU
	EndGlobalSection
	GlobalSection(ProjectConfigurationPlatforms) = postSolution
		{D616C5BE-0997-4ADC-8BAD-F5BA131D44BB}.Debug|Any CPU.ActiveCfg = Debug|Any CPU
		{D616C5BE-0997-4ADC-8BAD-F5BA131D44BB}.Debug|Any CPU.Build.0 = Debug|Any CPU
		{D616C5BE-0997-4ADC-8BAD-F5BA131D44BB}.Release|Any CPU.ActiveCfg = Release|Any CPU
		{D616C5BE-0997-4ADC-8BAD-F5BA131D44BB}.Release|Any CPU.Build.0 = Release|Any CPU
	EndGlobalSection
	GlobalSection(SolutionProperties) = preSolution
		HideSolutionNode = FALSE
	EndGlobalSection
	GlobalSection(ExtensibilityGlobals) = postSolution
		SolutionGuid = {BD93DA39-FC3A-41BE-B876-0140880E8B26}
	EndGlobalSection
EndGlobal
